// !$*UTF8*$!
{
	archiveVersion = 1;
	classes = {
	};
	objectVersion = 50;
	objects = {

/* Begin PBXBuildFile section */
		420A290C23EC5E3C00CE19DB /* CommunityViewController.swift in Sources */ = {isa = PBXBuildFile; fileRef = 420A290B23EC5E3C00CE19DB /* CommunityViewController.swift */; };
		420A290E23EC5E8100CE19DB /* ProfileViewController.swift in Sources */ = {isa = PBXBuildFile; fileRef = 420A290D23EC5E8100CE19DB /* ProfileViewController.swift */; };
		420A291023EC5EBC00CE19DB /* ShareViewController.swift in Sources */ = {isa = PBXBuildFile; fileRef = 420A290F23EC5EBC00CE19DB /* ShareViewController.swift */; };
		420A291223EC5EEB00CE19DB /* ReachOutViewController.swift in Sources */ = {isa = PBXBuildFile; fileRef = 420A291123EC5EEB00CE19DB /* ReachOutViewController.swift */; };
		42264B9323FD89F600E63B7D /* pictureShareTableViewCell.swift in Sources */ = {isa = PBXBuildFile; fileRef = 42264B9223FD89F600E63B7D /* pictureShareTableViewCell.swift */; };
		427C9EBB23FEE07C00D49E80 /* UIViewControllerTab.swift in Sources */ = {isa = PBXBuildFile; fileRef = 427C9EBA23FEE07C00D49E80 /* UIViewControllerTab.swift */; };
		42827769240FFDB400FDA50A /* resourcesTableViewController.swift in Sources */ = {isa = PBXBuildFile; fileRef = 42827768240FFDB400FDA50A /* resourcesTableViewController.swift */; };
		42A4734123E4749800AF6D5F /* WebVC.swift in Sources */ = {isa = PBXBuildFile; fileRef = 42A4734023E4749800AF6D5F /* WebVC.swift */; };
		42AC7D9023E1CD4B0027C1F5 /* AppDelegate.swift in Sources */ = {isa = PBXBuildFile; fileRef = 42AC7D8F23E1CD4B0027C1F5 /* AppDelegate.swift */; };
		42AC7D9223E1CD4B0027C1F5 /* SceneDelegate.swift in Sources */ = {isa = PBXBuildFile; fileRef = 42AC7D9123E1CD4B0027C1F5 /* SceneDelegate.swift */; };
		42AC7D9423E1CD4B0027C1F5 /* ViewController.swift in Sources */ = {isa = PBXBuildFile; fileRef = 42AC7D9323E1CD4B0027C1F5 /* ViewController.swift */; };
		42AC7D9723E1CD4B0027C1F5 /* Main.storyboard in Resources */ = {isa = PBXBuildFile; fileRef = 42AC7D9523E1CD4B0027C1F5 /* Main.storyboard */; };
		42AC7D9923E1CD4E0027C1F5 /* Assets.xcassets in Resources */ = {isa = PBXBuildFile; fileRef = 42AC7D9823E1CD4E0027C1F5 /* Assets.xcassets */; };
		42AC7D9C23E1CD4E0027C1F5 /* LaunchScreen.storyboard in Resources */ = {isa = PBXBuildFile; fileRef = 42AC7D9A23E1CD4E0027C1F5 /* LaunchScreen.storyboard */; };
		42AC7DA723E1CD4E0027C1F5 /* ecoFriendsTests.swift in Sources */ = {isa = PBXBuildFile; fileRef = 42AC7DA623E1CD4E0027C1F5 /* ecoFriendsTests.swift */; };
		42AC7DB223E1CD4E0027C1F5 /* ecoFriendsUITests.swift in Sources */ = {isa = PBXBuildFile; fileRef = 42AC7DB123E1CD4E0027C1F5 /* ecoFriendsUITests.swift */; };
		42CCC69B23FC31E000437F6F /* CollectionViewCell.swift in Sources */ = {isa = PBXBuildFile; fileRef = 42CCC69A23FC31E000437F6F /* CollectionViewCell.swift */; };
/* End PBXBuildFile section */

/* Begin PBXContainerItemProxy section */
		42AC7DA323E1CD4E0027C1F5 /* PBXContainerItemProxy */ = {
			isa = PBXContainerItemProxy;
			containerPortal = 42AC7D8423E1CD4B0027C1F5 /* Project object */;
			proxyType = 1;
			remoteGlobalIDString = 42AC7D8B23E1CD4B0027C1F5;
			remoteInfo = ecoFriends;
		};
		42AC7DAE23E1CD4E0027C1F5 /* PBXContainerItemProxy */ = {
			isa = PBXContainerItemProxy;
			containerPortal = 42AC7D8423E1CD4B0027C1F5 /* Project object */;
			proxyType = 1;
			remoteGlobalIDString = 42AC7D8B23E1CD4B0027C1F5;
			remoteInfo = ecoFriends;
		};
/* End PBXContainerItemProxy section */

/* Begin PBXFileReference section */
		420A290B23EC5E3C00CE19DB /* CommunityViewController.swift */ = {isa = PBXFileReference; lastKnownFileType = sourcecode.swift; path = CommunityViewController.swift; sourceTree = "<group>"; };
		420A290D23EC5E8100CE19DB /* ProfileViewController.swift */ = {isa = PBXFileReference; lastKnownFileType = sourcecode.swift; path = ProfileViewController.swift; sourceTree = "<group>"; };
		420A290F23EC5EBC00CE19DB /* ShareViewController.swift */ = {isa = PBXFileReference; lastKnownFileType = sourcecode.swift; path = ShareViewController.swift; sourceTree = "<group>"; };
		420A291123EC5EEB00CE19DB /* ReachOutViewController.swift */ = {isa = PBXFileReference; lastKnownFileType = sourcecode.swift; path = ReachOutViewController.swift; sourceTree = "<group>"; };
		42264B9223FD89F600E63B7D /* pictureShareTableViewCell.swift */ = {isa = PBXFileReference; lastKnownFileType = sourcecode.swift; path = pictureShareTableViewCell.swift; sourceTree = "<group>"; };
		427C9EBA23FEE07C00D49E80 /* UIViewControllerTab.swift */ = {isa = PBXFileReference; lastKnownFileType = sourcecode.swift; path = UIViewControllerTab.swift; sourceTree = "<group>"; };
		42827768240FFDB400FDA50A /* resourcesTableViewController.swift */ = {isa = PBXFileReference; lastKnownFileType = sourcecode.swift; path = resourcesTableViewController.swift; sourceTree = "<group>"; };
		42A4734023E4749800AF6D5F /* WebVC.swift */ = {isa = PBXFileReference; lastKnownFileType = sourcecode.swift; path = WebVC.swift; sourceTree = "<group>"; };
		42AC7D8C23E1CD4B0027C1F5 /* ecoFriends.app */ = {isa = PBXFileReference; explicitFileType = wrapper.application; includeInIndex = 0; path = ecoFriends.app; sourceTree = BUILT_PRODUCTS_DIR; };
		42AC7D8F23E1CD4B0027C1F5 /* AppDelegate.swift */ = {isa = PBXFileReference; lastKnownFileType = sourcecode.swift; path = AppDelegate.swift; sourceTree = "<group>"; };
		42AC7D9123E1CD4B0027C1F5 /* SceneDelegate.swift */ = {isa = PBXFileReference; lastKnownFileType = sourcecode.swift; path = SceneDelegate.swift; sourceTree = "<group>"; };
		42AC7D9323E1CD4B0027C1F5 /* ViewController.swift */ = {isa = PBXFileReference; lastKnownFileType = sourcecode.swift; path = ViewController.swift; sourceTree = "<group>"; };
		42AC7D9623E1CD4B0027C1F5 /* Base */ = {isa = PBXFileReference; lastKnownFileType = file.storyboard; name = Base; path = Base.lproj/Main.storyboard; sourceTree = "<group>"; };
		42AC7D9823E1CD4E0027C1F5 /* Assets.xcassets */ = {isa = PBXFileReference; lastKnownFileType = folder.assetcatalog; path = Assets.xcassets; sourceTree = "<group>"; };
		42AC7D9B23E1CD4E0027C1F5 /* Base */ = {isa = PBXFileReference; lastKnownFileType = file.storyboard; name = Base; path = Base.lproj/LaunchScreen.storyboard; sourceTree = "<group>"; };
		42AC7D9D23E1CD4E0027C1F5 /* Info.plist */ = {isa = PBXFileReference; lastKnownFileType = text.plist.xml; path = Info.plist; sourceTree = "<group>"; };
		42AC7DA223E1CD4E0027C1F5 /* ecoFriendsTests.xctest */ = {isa = PBXFileReference; explicitFileType = wrapper.cfbundle; includeInIndex = 0; path = ecoFriendsTests.xctest; sourceTree = BUILT_PRODUCTS_DIR; };
		42AC7DA623E1CD4E0027C1F5 /* ecoFriendsTests.swift */ = {isa = PBXFileReference; lastKnownFileType = sourcecode.swift; path = ecoFriendsTests.swift; sourceTree = "<group>"; };
		42AC7DA823E1CD4E0027C1F5 /* Info.plist */ = {isa = PBXFileReference; lastKnownFileType = text.plist.xml; path = Info.plist; sourceTree = "<group>"; };
		42AC7DAD23E1CD4E0027C1F5 /* ecoFriendsUITests.xctest */ = {isa = PBXFileReference; explicitFileType = wrapper.cfbundle; includeInIndex = 0; path = ecoFriendsUITests.xctest; sourceTree = BUILT_PRODUCTS_DIR; };
		42AC7DB123E1CD4E0027C1F5 /* ecoFriendsUITests.swift */ = {isa = PBXFileReference; lastKnownFileType = sourcecode.swift; path = ecoFriendsUITests.swift; sourceTree = "<group>"; };
		42AC7DB323E1CD4E0027C1F5 /* Info.plist */ = {isa = PBXFileReference; lastKnownFileType = text.plist.xml; path = Info.plist; sourceTree = "<group>"; };
		42CCC69A23FC31E000437F6F /* CollectionViewCell.swift */ = {isa = PBXFileReference; lastKnownFileType = sourcecode.swift; path = CollectionViewCell.swift; sourceTree = "<group>"; };
/* End PBXFileReference section */

/* Begin PBXFrameworksBuildPhase section */
		42AC7D8923E1CD4B0027C1F5 /* Frameworks */ = {
			isa = PBXFrameworksBuildPhase;
			buildActionMask = 2147483647;
			files = (
			);
			runOnlyForDeploymentPostprocessing = 0;
		};
		42AC7D9F23E1CD4E0027C1F5 /* Frameworks */ = {
			isa = PBXFrameworksBuildPhase;
			buildActionMask = 2147483647;
			files = (
			);
			runOnlyForDeploymentPostprocessing = 0;
		};
		42AC7DAA23E1CD4E0027C1F5 /* Frameworks */ = {
			isa = PBXFrameworksBuildPhase;
			buildActionMask = 2147483647;
			files = (
			);
			runOnlyForDeploymentPostprocessing = 0;
		};
/* End PBXFrameworksBuildPhase section */

/* Begin PBXGroup section */
		42AC7D8323E1CD4B0027C1F5 = {
			isa = PBXGroup;
			children = (
				42AC7D8E23E1CD4B0027C1F5 /* ecoFriends */,
				42AC7DA523E1CD4E0027C1F5 /* ecoFriendsTests */,
				42AC7DB023E1CD4E0027C1F5 /* ecoFriendsUITests */,
				42AC7D8D23E1CD4B0027C1F5 /* Products */,
			);
			sourceTree = "<group>";
		};
		42AC7D8D23E1CD4B0027C1F5 /* Products */ = {
			isa = PBXGroup;
			children = (
				42AC7D8C23E1CD4B0027C1F5 /* ecoFriends.app */,
				42AC7DA223E1CD4E0027C1F5 /* ecoFriendsTests.xctest */,
				42AC7DAD23E1CD4E0027C1F5 /* ecoFriendsUITests.xctest */,
			);
			name = Products;
			sourceTree = "<group>";
		};
		42AC7D8E23E1CD4B0027C1F5 /* ecoFriends */ = {
			isa = PBXGroup;
			children = (
				42AC7D8F23E1CD4B0027C1F5 /* AppDelegate.swift */,
				42AC7D9123E1CD4B0027C1F5 /* SceneDelegate.swift */,
				42AC7D9323E1CD4B0027C1F5 /* ViewController.swift */,
				42AC7D9523E1CD4B0027C1F5 /* Main.storyboard */,
				42827768240FFDB400FDA50A /* resourcesTableViewController.swift */,
				427C9EBA23FEE07C00D49E80 /* UIViewControllerTab.swift */,
				42264B9223FD89F600E63B7D /* pictureShareTableViewCell.swift */,
				420A291123EC5EEB00CE19DB /* ReachOutViewController.swift */,
				420A290F23EC5EBC00CE19DB /* ShareViewController.swift */,
				420A290D23EC5E8100CE19DB /* ProfileViewController.swift */,
				42CCC69A23FC31E000437F6F /* CollectionViewCell.swift */,
				420A290B23EC5E3C00CE19DB /* CommunityViewController.swift */,
				42A4734023E4749800AF6D5F /* WebVC.swift */,
				42AC7D9823E1CD4E0027C1F5 /* Assets.xcassets */,
				42AC7D9A23E1CD4E0027C1F5 /* LaunchScreen.storyboard */,
				42AC7D9D23E1CD4E0027C1F5 /* Info.plist */,
			);
			path = ecoFriends;
			sourceTree = "<group>";
		};
		42AC7DA523E1CD4E0027C1F5 /* ecoFriendsTests */ = {
			isa = PBXGroup;
			children = (
				42AC7DA623E1CD4E0027C1F5 /* ecoFriendsTests.swift */,
				42AC7DA823E1CD4E0027C1F5 /* Info.plist */,
			);
			path = ecoFriendsTests;
			sourceTree = "<group>";
		};
		42AC7DB023E1CD4E0027C1F5 /* ecoFriendsUITests */ = {
			isa = PBXGroup;
			children = (
				42AC7DB123E1CD4E0027C1F5 /* ecoFriendsUITests.swift */,
				42AC7DB323E1CD4E0027C1F5 /* Info.plist */,
			);
			path = ecoFriendsUITests;
			sourceTree = "<group>";
		};
/* End PBXGroup section */

/* Begin PBXNativeTarget section */
		42AC7D8B23E1CD4B0027C1F5 /* ecoFriends */ = {
			isa = PBXNativeTarget;
			buildConfigurationList = 42AC7DB623E1CD4E0027C1F5 /* Build configuration list for PBXNativeTarget "ecoFriends" */;
			buildPhases = (
				42AC7D8823E1CD4B0027C1F5 /* Sources */,
				42AC7D8923E1CD4B0027C1F5 /* Frameworks */,
				42AC7D8A23E1CD4B0027C1F5 /* Resources */,
			);
			buildRules = (
			);
			dependencies = (
			);
			name = ecoFriends;
			productName = ecoFriends;
			productReference = 42AC7D8C23E1CD4B0027C1F5 /* ecoFriends.app */;
			productType = "com.apple.product-type.application";
		};
		42AC7DA123E1CD4E0027C1F5 /* ecoFriendsTests */ = {
			isa = PBXNativeTarget;
			buildConfigurationList = 42AC7DB923E1CD4E0027C1F5 /* Build configuration list for PBXNativeTarget "ecoFriendsTests" */;
			buildPhases = (
				42AC7D9E23E1CD4E0027C1F5 /* Sources */,
				42AC7D9F23E1CD4E0027C1F5 /* Frameworks */,
				42AC7DA023E1CD4E0027C1F5 /* Resources */,
			);
			buildRules = (
			);
			dependencies = (
				42AC7DA423E1CD4E0027C1F5 /* PBXTargetDependency */,
			);
			name = ecoFriendsTests;
			productName = ecoFriendsTests;
			productReference = 42AC7DA223E1CD4E0027C1F5 /* ecoFriendsTests.xctest */;
			productType = "com.apple.product-type.bundle.unit-test";
		};
		42AC7DAC23E1CD4E0027C1F5 /* ecoFriendsUITests */ = {
			isa = PBXNativeTarget;
			buildConfigurationList = 42AC7DBC23E1CD4E0027C1F5 /* Build configuration list for PBXNativeTarget "ecoFriendsUITests" */;
			buildPhases = (
				42AC7DA923E1CD4E0027C1F5 /* Sources */,
				42AC7DAA23E1CD4E0027C1F5 /* Frameworks */,
				42AC7DAB23E1CD4E0027C1F5 /* Resources */,
			);
			buildRules = (
			);
			dependencies = (
				42AC7DAF23E1CD4E0027C1F5 /* PBXTargetDependency */,
			);
			name = ecoFriendsUITests;
			productName = ecoFriendsUITests;
			productReference = 42AC7DAD23E1CD4E0027C1F5 /* ecoFriendsUITests.xctest */;
			productType = "com.apple.product-type.bundle.ui-testing";
		};
/* End PBXNativeTarget section */

/* Begin PBXProject section */
		42AC7D8423E1CD4B0027C1F5 /* Project object */ = {
			isa = PBXProject;
			attributes = {
				LastSwiftUpdateCheck = 1110;
				LastUpgradeCheck = 1110;
				ORGANIZATIONNAME = Appsorama;
				TargetAttributes = {
					42AC7D8B23E1CD4B0027C1F5 = {
						CreatedOnToolsVersion = 11.1;
					};
					42AC7DA123E1CD4E0027C1F5 = {
						CreatedOnToolsVersion = 11.1;
						TestTargetID = 42AC7D8B23E1CD4B0027C1F5;
					};
					42AC7DAC23E1CD4E0027C1F5 = {
						CreatedOnToolsVersion = 11.1;
						TestTargetID = 42AC7D8B23E1CD4B0027C1F5;
					};
				};
			};
			buildConfigurationList = 42AC7D8723E1CD4B0027C1F5 /* Build configuration list for PBXProject "ecoFriends" */;
			compatibilityVersion = "Xcode 9.3";
			developmentRegion = en;
			hasScannedForEncodings = 0;
			knownRegions = (
				en,
				Base,
			);
			mainGroup = 42AC7D8323E1CD4B0027C1F5;
			productRefGroup = 42AC7D8D23E1CD4B0027C1F5 /* Products */;
			projectDirPath = "";
			projectRoot = "";
			targets = (
				42AC7D8B23E1CD4B0027C1F5 /* ecoFriends */,
				42AC7DA123E1CD4E0027C1F5 /* ecoFriendsTests */,
				42AC7DAC23E1CD4E0027C1F5 /* ecoFriendsUITests */,
			);
		};
/* End PBXProject section */

/* Begin PBXResourcesBuildPhase section */
		42AC7D8A23E1CD4B0027C1F5 /* Resources */ = {
			isa = PBXResourcesBuildPhase;
			buildActionMask = 2147483647;
			files = (
				42AC7D9C23E1CD4E0027C1F5 /* LaunchScreen.storyboard in Resources */,
				42AC7D9923E1CD4E0027C1F5 /* Assets.xcassets in Resources */,
				42AC7D9723E1CD4B0027C1F5 /* Main.storyboard in Resources */,
			);
			runOnlyForDeploymentPostprocessing = 0;
		};
		42AC7DA023E1CD4E0027C1F5 /* Resources */ = {
			isa = PBXResourcesBuildPhase;
			buildActionMask = 2147483647;
			files = (
			);
			runOnlyForDeploymentPostprocessing = 0;
		};
		42AC7DAB23E1CD4E0027C1F5 /* Resources */ = {
			isa = PBXResourcesBuildPhase;
			buildActionMask = 2147483647;
			files = (
			);
			runOnlyForDeploymentPostprocessing = 0;
		};
/* End PBXResourcesBuildPhase section */

/* Begin PBXSourcesBuildPhase section */
		42AC7D8823E1CD4B0027C1F5 /* Sources */ = {
			isa = PBXSourcesBuildPhase;
			buildActionMask = 2147483647;
			files = (
				42264B9323FD89F600E63B7D /* pictureShareTableViewCell.swift in Sources */,
				420A291023EC5EBC00CE19DB /* ShareViewController.swift in Sources */,
				420A291223EC5EEB00CE19DB /* ReachOutViewController.swift in Sources */,
				42827769240FFDB400FDA50A /* resourcesTableViewController.swift in Sources */,
				42CCC69B23FC31E000437F6F /* CollectionViewCell.swift in Sources */,
				420A290E23EC5E8100CE19DB /* ProfileViewController.swift in Sources */,
				42AC7D9423E1CD4B0027C1F5 /* ViewController.swift in Sources */,
				42A4734123E4749800AF6D5F /* WebVC.swift in Sources */,
				42AC7D9023E1CD4B0027C1F5 /* AppDelegate.swift in Sources */,
				420A290C23EC5E3C00CE19DB /* CommunityViewController.swift in Sources */,
				427C9EBB23FEE07C00D49E80 /* UIViewControllerTab.swift in Sources */,
				42AC7D9223E1CD4B0027C1F5 /* SceneDelegate.swift in Sources */,
			);
			runOnlyForDeploymentPostprocessing = 0;
		};
		42AC7D9E23E1CD4E0027C1F5 /* Sources */ = {
			isa = PBXSourcesBuildPhase;
			buildActionMask = 2147483647;
			files = (
				42AC7DA723E1CD4E0027C1F5 /* ecoFriendsTests.swift in Sources */,
			);
			runOnlyForDeploymentPostprocessing = 0;
		};
		42AC7DA923E1CD4E0027C1F5 /* Sources */ = {
			isa = PBXSourcesBuildPhase;
			buildActionMask = 2147483647;
			files = (
				42AC7DB223E1CD4E0027C1F5 /* ecoFriendsUITests.swift in Sources */,
			);
			runOnlyForDeploymentPostprocessing = 0;
		};
/* End PBXSourcesBuildPhase section */

/* Begin PBXTargetDependency section */
		42AC7DA423E1CD4E0027C1F5 /* PBXTargetDependency */ = {
			isa = PBXTargetDependency;
			target = 42AC7D8B23E1CD4B0027C1F5 /* ecoFriends */;
			targetProxy = 42AC7DA323E1CD4E0027C1F5 /* PBXContainerItemProxy */;
		};
		42AC7DAF23E1CD4E0027C1F5 /* PBXTargetDependency */ = {
			isa = PBXTargetDependency;
			target = 42AC7D8B23E1CD4B0027C1F5 /* ecoFriends */;
			targetProxy = 42AC7DAE23E1CD4E0027C1F5 /* PBXContainerItemProxy */;
		};
/* End PBXTargetDependency section */

/* Begin PBXVariantGroup section */
		42AC7D9523E1CD4B0027C1F5 /* Main.storyboard */ = {
			isa = PBXVariantGroup;
			children = (
				42AC7D9623E1CD4B0027C1F5 /* Base */,
			);
			name = Main.storyboard;
			sourceTree = "<group>";
		};
		42AC7D9A23E1CD4E0027C1F5 /* LaunchScreen.storyboard */ = {
			isa = PBXVariantGroup;
			children = (
				42AC7D9B23E1CD4E0027C1F5 /* Base */,
			);
			name = LaunchScreen.storyboard;
			sourceTree = "<group>";
		};
/* End PBXVariantGroup section */

/* Begin XCBuildConfiguration section */
		42AC7DB423E1CD4E0027C1F5 /* Debug */ = {
			isa = XCBuildConfiguration;
			buildSettings = {
				ALWAYS_SEARCH_USER_PATHS = NO;
				CLANG_ANALYZER_NONNULL = YES;
				CLANG_ANALYZER_NUMBER_OBJECT_CONVERSION = YES_AGGRESSIVE;
				CLANG_CXX_LANGUAGE_STANDARD = "gnu++14";
				CLANG_CXX_LIBRARY = "libc++";
				CLANG_ENABLE_MODULES = YES;
				CLANG_ENABLE_OBJC_ARC = YES;
				CLANG_ENABLE_OBJC_WEAK = YES;
				CLANG_WARN_BLOCK_CAPTURE_AUTORELEASING = YES;
				CLANG_WARN_BOOL_CONVERSION = YES;
				CLANG_WARN_COMMA = YES;
				CLANG_WARN_CONSTANT_CONVERSION = YES;
				CLANG_WARN_DEPRECATED_OBJC_IMPLEMENTATIONS = YES;
				CLANG_WARN_DIRECT_OBJC_ISA_USAGE = YES_ERROR;
				CLANG_WARN_DOCUMENTATION_COMMENTS = YES;
				CLANG_WARN_EMPTY_BODY = YES;
				CLANG_WARN_ENUM_CONVERSION = YES;
				CLANG_WARN_INFINITE_RECURSION = YES;
				CLANG_WARN_INT_CONVERSION = YES;
				CLANG_WARN_NON_LITERAL_NULL_CONVERSION = YES;
				CLANG_WARN_OBJC_IMPLICIT_RETAIN_SELF = YES;
				CLANG_WARN_OBJC_LITERAL_CONVERSION = YES;
				CLANG_WARN_OBJC_ROOT_CLASS = YES_ERROR;
				CLANG_WARN_RANGE_LOOP_ANALYSIS = YES;
				CLANG_WARN_STRICT_PROTOTYPES = YES;
				CLANG_WARN_SUSPICIOUS_MOVE = YES;
				CLANG_WARN_UNGUARDED_AVAILABILITY = YES_AGGRESSIVE;
				CLANG_WARN_UNREACHABLE_CODE = YES;
				CLANG_WARN__DUPLICATE_METHOD_MATCH = YES;
				COPY_PHASE_STRIP = NO;
				DEBUG_INFORMATION_FORMAT = dwarf;
				ENABLE_STRICT_OBJC_MSGSEND = YES;
				ENABLE_TESTABILITY = YES;
				GCC_C_LANGUAGE_STANDARD = gnu11;
				GCC_DYNAMIC_NO_PIC = NO;
				GCC_NO_COMMON_BLOCKS = YES;
				GCC_OPTIMIZATION_LEVEL = 0;
				GCC_PREPROCESSOR_DEFINITIONS = (
					"DEBUG=1",
					"$(inherited)",
				);
				GCC_WARN_64_TO_32_BIT_CONVERSION = YES;
				GCC_WARN_ABOUT_RETURN_TYPE = YES_ERROR;
				GCC_WARN_UNDECLARED_SELECTOR = YES;
				GCC_WARN_UNINITIALIZED_AUTOS = YES_AGGRESSIVE;
				GCC_WARN_UNUSED_FUNCTION = YES;
				GCC_WARN_UNUSED_VARIABLE = YES;
				IPHONEOS_DEPLOYMENT_TARGET = 13.1;
				MTL_ENABLE_DEBUG_INFO = INCLUDE_SOURCE;
				MTL_FAST_MATH = YES;
				ONLY_ACTIVE_ARCH = YES;
				SDKROOT = iphoneos;
				SWIFT_ACTIVE_COMPILATION_CONDITIONS = DEBUG;
				SWIFT_OPTIMIZATION_LEVEL = "-Onone";
			};
			name = Debug;
		};
		42AC7DB523E1CD4E0027C1F5 /* Release */ = {
			isa = XCBuildConfiguration;
			buildSettings = {
				ALWAYS_SEARCH_USER_PATHS = NO;
				CLANG_ANALYZER_NONNULL = YES;
				CLANG_ANALYZER_NUMBER_OBJECT_CONVERSION = YES_AGGRESSIVE;
				CLANG_CXX_LANGUAGE_STANDARD = "gnu++14";
				CLANG_CXX_LIBRARY = "libc++";
				CLANG_ENABLE_MODULES = YES;
				CLANG_ENABLE_OBJC_ARC = YES;
				CLANG_ENABLE_OBJC_WEAK = YES;
				CLANG_WARN_BLOCK_CAPTURE_AUTORELEASING = YES;
				CLANG_WARN_BOOL_CONVERSION = YES;
				CLANG_WARN_COMMA = YES;
				CLANG_WARN_CONSTANT_CONVERSION = YES;
				CLANG_WARN_DEPRECATED_OBJC_IMPLEMENTATIONS = YES;
				CLANG_WARN_DIRECT_OBJC_ISA_USAGE = YES_ERROR;
				CLANG_WARN_DOCUMENTATION_COMMENTS = YES;
				CLANG_WARN_EMPTY_BODY = YES;
				CLANG_WARN_ENUM_CONVERSION = YES;
				CLANG_WARN_INFINITE_RECURSION = YES;
				CLANG_WARN_INT_CONVERSION = YES;
				CLANG_WARN_NON_LITERAL_NULL_CONVERSION = YES;
				CLANG_WARN_OBJC_IMPLICIT_RETAIN_SELF = YES;
				CLANG_WARN_OBJC_LITERAL_CONVERSION = YES;
				CLANG_WARN_OBJC_ROOT_CLASS = YES_ERROR;
				CLANG_WARN_RANGE_LOOP_ANALYSIS = YES;
				CLANG_WARN_STRICT_PROTOTYPES = YES;
				CLANG_WARN_SUSPICIOUS_MOVE = YES;
				CLANG_WARN_UNGUARDED_AVAILABILITY = YES_AGGRESSIVE;
				CLANG_WARN_UNREACHABLE_CODE = YES;
				CLANG_WARN__DUPLICATE_METHOD_MATCH = YES;
				COPY_PHASE_STRIP = NO;
				DEBUG_INFORMATION_FORMAT = "dwarf-with-dsym";
				ENABLE_NS_ASSERTIONS = NO;
				ENABLE_STRICT_OBJC_MSGSEND = YES;
				GCC_C_LANGUAGE_STANDARD = gnu11;
				GCC_NO_COMMON_BLOCKS = YES;
				GCC_WARN_64_TO_32_BIT_CONVERSION = YES;
				GCC_WARN_ABOUT_RETURN_TYPE = YES_ERROR;
				GCC_WARN_UNDECLARED_SELECTOR = YES;
				GCC_WARN_UNINITIALIZED_AUTOS = YES_AGGRESSIVE;
				GCC_WARN_UNUSED_FUNCTION = YES;
				GCC_WARN_UNUSED_VARIABLE = YES;
				IPHONEOS_DEPLOYMENT_TARGET = 13.1;
				MTL_ENABLE_DEBUG_INFO = NO;
				MTL_FAST_MATH = YES;
				SDKROOT = iphoneos;
				SWIFT_COMPILATION_MODE = wholemodule;
				SWIFT_OPTIMIZATION_LEVEL = "-O";
				VALIDATE_PRODUCT = YES;
			};
			name = Release;
		};
		42AC7DB723E1CD4E0027C1F5 /* Debug */ = {
			isa = XCBuildConfiguration;
			buildSettings = {
				ASSETCATALOG_COMPILER_APPICON_NAME = AppIcon;
				CODE_SIGN_STYLE = Automatic;
				DEVELOPMENT_TEAM = 8EKE95BP8V;
				INFOPLIST_FILE = ecoFriends/Info.plist;
				IPHONEOS_DEPLOYMENT_TARGET = 13.0;
				LD_RUNPATH_SEARCH_PATHS = (
					"$(inherited)",
					"@executable_path/Frameworks",
				);
				PRODUCT_BUNDLE_IDENTIFIER = Appsorama.ecoFriends;
				PRODUCT_NAME = "$(TARGET_NAME)";
				SWIFT_VERSION = 5.0;
				TARGETED_DEVICE_FAMILY = "1,2";
			};
			name = Debug;
		};
		42AC7DB823E1CD4E0027C1F5 /* Release */ = {
			isa = XCBuildConfiguration;
			buildSettings = {
				ASSETCATALOG_COMPILER_APPICON_NAME = AppIcon;
				CODE_SIGN_STYLE = Automatic;
				DEVELOPMENT_TEAM = 8EKE95BP8V;
				INFOPLIST_FILE = ecoFriends/Info.plist;
				IPHONEOS_DEPLOYMENT_TARGET = 13.0;
				LD_RUNPATH_SEARCH_PATHS = (
					"$(inherited)",
					"@executable_path/Frameworks",
				);
				PRODUCT_BUNDLE_IDENTIFIER = Appsorama.ecoFriends;
				PRODUCT_NAME = "$(TARGET_NAME)";
				SWIFT_VERSION = 5.0;
				TARGETED_DEVICE_FAMILY = "1,2";
			};
			name = Release;
		};
		42AC7DBA23E1CD4E0027C1F5 /* Debug */ = {
			isa = XCBuildConfiguration;
			buildSettings = {
				ALWAYS_EMBED_SWIFT_STANDARD_LIBRARIES = YES;
				BUNDLE_LOADER = "$(TEST_HOST)";
				CODE_SIGN_STYLE = Automatic;
				DEVELOPMENT_TEAM = 8EKE95BP8V;
				INFOPLIST_FILE = ecoFriendsTests/Info.plist;
				IPHONEOS_DEPLOYMENT_TARGET = 13.1;
				LD_RUNPATH_SEARCH_PATHS = (
					"$(inherited)",
					"@executable_path/Frameworks",
					"@loader_path/Frameworks",
				);
				PRODUCT_BUNDLE_IDENTIFIER = Appsorama.ecoFriendsTests;
				PRODUCT_NAME = "$(TARGET_NAME)";
				SWIFT_VERSION = 5.0;
				TARGETED_DEVICE_FAMILY = "1,2";
				TEST_HOST = "$(BUILT_PRODUCTS_DIR)/ecoFriends.app/ecoFriends";
			};
			name = Debug;
		};
		42AC7DBB23E1CD4E0027C1F5 /* Release */ = {
			isa = XCBuildConfiguration;
			buildSettings = {
				ALWAYS_EMBED_SWIFT_STANDARD_LIBRARIES = YES;
				BUNDLE_LOADER = "$(TEST_HOST)";
				CODE_SIGN_STYLE = Automatic;
				DEVELOPMENT_TEAM = 8EKE95BP8V;
				INFOPLIST_FILE = ecoFriendsTests/Info.plist;
				IPHONEOS_DEPLOYMENT_TARGET = 13.1;
				LD_RUNPATH_SEARCH_PATHS = (
					"$(inherited)",
					"@executable_path/Frameworks",
					"@loader_path/Frameworks",
				);
				PRODUCT_BUNDLE_IDENTIFIER = Appsorama.ecoFriendsTests;
				PRODUCT_NAME = "$(TARGET_NAME)";
				SWIFT_VERSION = 5.0;
				TARGETED_DEVICE_FAMILY = "1,2";
				TEST_HOST = "$(BUILT_PRODUCTS_DIR)/ecoFriends.app/ecoFriends";
			};
			name = Release;
		};
		42AC7DBD23E1CD4E0027C1F5 /* Debug */ = {
			isa = XCBuildConfiguration;
			buildSettings = {
				ALWAYS_EMBED_SWIFT_STANDARD_LIBRARIES = YES;
				CODE_SIGN_STYLE = Automatic;
				DEVELOPMENT_TEAM = 8EKE95BP8V;
				INFOPLIST_FILE = ecoFriendsUITests/Info.plist;
				LD_RUNPATH_SEARCH_PATHS = (
					"$(inherited)",
					"@executable_path/Frameworks",
					"@loader_path/Frameworks",
				);
				PRODUCT_BUNDLE_IDENTIFIER = Appsorama.ecoFriendsUITests;
				PRODUCT_NAME = "$(TARGET_NAME)";
				SWIFT_VERSION = 5.0;
				TARGETED_DEVICE_FAMILY = "1,2";
				TEST_TARGET_NAME = ecoFriends;
			};
			name = Debug;
		};
		42AC7DBE23E1CD4E0027C1F5 /* Release */ = {
			isa = XCBuildConfiguration;
			buildSettings = {
				ALWAYS_EMBED_SWIFT_STANDARD_LIBRARIES = YES;
				CODE_SIGN_STYLE = Automatic;
				DEVELOPMENT_TEAM = 8EKE95BP8V;
				INFOPLIST_FILE = ecoFriendsUITests/Info.plist;
				LD_RUNPATH_SEARCH_PATHS = (
					"$(inherited)",
					"@executable_path/Frameworks",
					"@loader_path/Frameworks",
				);
				PRODUCT_BUNDLE_IDENTIFIER = Appsorama.ecoFriendsUITests;
				PRODUCT_NAME = "$(TARGET_NAME)";
				SWIFT_VERSION = 5.0;
				TARGETED_DEVICE_FAMILY = "1,2";
				TEST_TARGET_NAME = ecoFriends;
			};
			name = Release;
		};
/* End XCBuildConfiguration section */

/* Begin XCConfigurationList section */
		42AC7D8723E1CD4B0027C1F5 /* Build configuration list for PBXProject "ecoFriends" */ = {
			isa = XCConfigurationList;
			buildConfigurations = (
				42AC7DB423E1CD4E0027C1F5 /* Debug */,
				42AC7DB523E1CD4E0027C1F5 /* Release */,
			);
			defaultConfigurationIsVisible = 0;
			defaultConfigurationName = Release;
		};
		42AC7DB623E1CD4E0027C1F5 /* Build configuration list for PBXNativeTarget "ecoFriends" */ = {
			isa = XCConfigurationList;
			buildConfigurations = (
				42AC7DB723E1CD4E0027C1F5 /* Debug */,
				42AC7DB823E1CD4E0027C1F5 /* Release */,
			);
			defaultConfigurationIsVisible = 0;
			defaultConfigurationName = Release;
		};
		42AC7DB923E1CD4E0027C1F5 /* Build configuration list for PBXNativeTarget "ecoFriendsTests" */ = {
			isa = XCConfigurationList;
			buildConfigurations = (
				42AC7DBA23E1CD4E0027C1F5 /* Debug */,
				42AC7DBB23E1CD4E0027C1F5 /* Release */,
			);
			defaultConfigurationIsVisible = 0;
			defaultConfigurationName = Release;
		};
		42AC7DBC23E1CD4E0027C1F5 /* Build configuration list for PBXNativeTarget "ecoFriendsUITests" */ = {
			isa = XCConfigurationList;
			buildConfigurations = (
				42AC7DBD23E1CD4E0027C1F5 /* Debug */,
				42AC7DBE23E1CD4E0027C1F5 /* Release */,
			);
			defaultConfigurationIsVisible = 0;
			defaultConfigurationName = Release;
		};
/* End XCConfigurationList section */
	};
	rootObject = 42AC7D8423E1CD4B0027C1F5 /* Project object */;
}
